// !$*UTF8*$!
{
	archiveVersion = 1;
	classes = {
	};
	objectVersion = 46;
	objects = {

/* Begin PBXBuildFile section */
		285D29611D17B4C700448A98 /* Application.cpp in Sources */ = {isa = PBXBuildFile; fileRef = 285D294E1D17B4C700448A98 /* Application.cpp */; };
		285D29621D17B4C700448A98 /* EmulNet.cpp in Sources */ = {isa = PBXBuildFile; fileRef = 285D29501D17B4C700448A98 /* EmulNet.cpp */; };
		285D29631D17B4C700448A98 /* Log.cpp in Sources */ = {isa = PBXBuildFile; fileRef = 285D29531D17B4C700448A98 /* Log.cpp */; };
		285D29641D17B4C700448A98 /* Makefile in Sources */ = {isa = PBXBuildFile; fileRef = 285D29551D17B4C700448A98 /* Makefile */; };
		285D29651D17B4C700448A98 /* Member.cpp in Sources */ = {isa = PBXBuildFile; fileRef = 285D29561D17B4C700448A98 /* Member.cpp */; };
		285D29661D17B4C700448A98 /* MP1Node.cpp in Sources */ = {isa = PBXBuildFile; fileRef = 285D29591D17B4C700448A98 /* MP1Node.cpp */; };
		285D29671D17B4C700448A98 /* Params.cpp in Sources */ = {isa = PBXBuildFile; fileRef = 285D295B1D17B4C700448A98 /* Params.cpp */; };
/* End PBXBuildFile section */

/* Begin PBXCopyFilesBuildPhase section */
		285D29421D17B43D00448A98 /* CopyFiles */ = {
			isa = PBXCopyFilesBuildPhase;
			buildActionMask = 2147483647;
			dstPath = /usr/share/man/man1/;
			dstSubfolderSpec = 0;
			files = (
			);
			runOnlyForDeploymentPostprocessing = 1;
		};
/* End PBXCopyFilesBuildPhase section */

/* Begin PBXFileReference section */
		285D29441D17B43D00448A98 /* test */ = {isa = PBXFileReference; explicitFileType = "compiled.mach-o.executable"; includeInIndex = 0; path = test; sourceTree = BUILT_PRODUCTS_DIR; };
		285D294E1D17B4C700448A98 /* Application.cpp */ = {isa = PBXFileReference; fileEncoding = 4; lastKnownFileType = sourcecode.cpp.cpp; path = Application.cpp; sourceTree = "<group>"; };
		285D294F1D17B4C700448A98 /* Application.h */ = {isa = PBXFileReference; fileEncoding = 4; lastKnownFileType = sourcecode.c.h; path = Application.h; sourceTree = "<group>"; };
		285D29501D17B4C700448A98 /* EmulNet.cpp */ = {isa = PBXFileReference; fileEncoding = 4; lastKnownFileType = sourcecode.cpp.cpp; path = EmulNet.cpp; sourceTree = "<group>"; };
		285D29511D17B4C700448A98 /* EmulNet.h */ = {isa = PBXFileReference; fileEncoding = 4; lastKnownFileType = sourcecode.c.h; path = EmulNet.h; sourceTree = "<group>"; };
		285D29521D17B4C700448A98 /* Grader.sh */ = {isa = PBXFileReference; fileEncoding = 4; lastKnownFileType = text.script.sh; path = Grader.sh; sourceTree = "<group>"; };
		285D29531D17B4C700448A98 /* Log.cpp */ = {isa = PBXFileReference; fileEncoding = 4; lastKnownFileType = sourcecode.cpp.cpp; path = Log.cpp; sourceTree = "<group>"; };
		285D29541D17B4C700448A98 /* Log.h */ = {isa = PBXFileReference; fileEncoding = 4; lastKnownFileType = sourcecode.c.h; path = Log.h; sourceTree = "<group>"; };
		285D29551D17B4C700448A98 /* Makefile */ = {isa = PBXFileReference; fileEncoding = 4; lastKnownFileType = sourcecode.make; path = Makefile; sourceTree = "<group>"; };
		285D29561D17B4C700448A98 /* Member.cpp */ = {isa = PBXFileReference; fileEncoding = 4; lastKnownFileType = sourcecode.cpp.cpp; path = Member.cpp; sourceTree = "<group>"; };
		285D29571D17B4C700448A98 /* Member.h */ = {isa = PBXFileReference; fileEncoding = 4; lastKnownFileType = sourcecode.c.h; path = Member.h; sourceTree = "<group>"; };
		285D29581D17B4C700448A98 /* mp1_specifications.pdf */ = {isa = PBXFileReference; lastKnownFileType = image.pdf; path = mp1_specifications.pdf; sourceTree = "<group>"; };
		285D29591D17B4C700448A98 /* MP1Node.cpp */ = {isa = PBXFileReference; fileEncoding = 4; lastKnownFileType = sourcecode.cpp.cpp; path = MP1Node.cpp; sourceTree = "<group>"; };
		285D295A1D17B4C700448A98 /* MP1Node.h */ = {isa = PBXFileReference; fileEncoding = 4; lastKnownFileType = sourcecode.c.h; path = MP1Node.h; sourceTree = "<group>"; };
		285D295B1D17B4C700448A98 /* Params.cpp */ = {isa = PBXFileReference; fileEncoding = 4; lastKnownFileType = sourcecode.cpp.cpp; path = Params.cpp; sourceTree = "<group>"; };
		285D295C1D17B4C700448A98 /* Params.h */ = {isa = PBXFileReference; fileEncoding = 4; lastKnownFileType = sourcecode.c.h; path = Params.h; sourceTree = "<group>"; };
		285D295D1D17B4C700448A98 /* Queue.h */ = {isa = PBXFileReference; fileEncoding = 4; lastKnownFileType = sourcecode.c.h; path = Queue.h; sourceTree = "<group>"; };
		285D295E1D17B4C700448A98 /* run.sh */ = {isa = PBXFileReference; fileEncoding = 4; lastKnownFileType = text.script.sh; path = run.sh; sourceTree = "<group>"; };
		285D295F1D17B4C700448A98 /* stdincludes.h */ = {isa = PBXFileReference; fileEncoding = 4; lastKnownFileType = sourcecode.c.h; path = stdincludes.h; sourceTree = "<group>"; };
		285D29601D17B4C700448A98 /* submit.py */ = {isa = PBXFileReference; fileEncoding = 4; lastKnownFileType = text.script.python; path = submit.py; sourceTree = "<group>"; };
		285D296C1D17B75100448A98 /* msgdropsinglefailure.conf */ = {isa = PBXFileReference; fileEncoding = 4; lastKnownFileType = text; path = msgdropsinglefailure.conf; sourceTree = "<group>"; };
		285D296D1D17B75100448A98 /* multifailure.conf */ = {isa = PBXFileReference; fileEncoding = 4; lastKnownFileType = text; path = multifailure.conf; sourceTree = "<group>"; };
		285D296E1D17B75100448A98 /* singlefailure.conf */ = {isa = PBXFileReference; fileEncoding = 4; lastKnownFileType = text; path = singlefailure.conf; sourceTree = "<group>"; };
/* End PBXFileReference section */

/* Begin PBXFrameworksBuildPhase section */
		285D29411D17B43D00448A98 /* Frameworks */ = {
			isa = PBXFrameworksBuildPhase;
			buildActionMask = 2147483647;
			files = (
			);
			runOnlyForDeploymentPostprocessing = 0;
		};
/* End PBXFrameworksBuildPhase section */

/* Begin PBXGroup section */
		285D293B1D17B43D00448A98 = {
			isa = PBXGroup;
			children = (
				285D29461D17B43D00448A98 /* test */,
				285D29451D17B43D00448A98 /* Products */,
			);
			sourceTree = "<group>";
		};
		285D29451D17B43D00448A98 /* Products */ = {
			isa = PBXGroup;
			children = (
				285D29441D17B43D00448A98 /* test */,
			);
			name = Products;
			sourceTree = "<group>";
		};
		285D29461D17B43D00448A98 /* test */ = {
			isa = PBXGroup;
			children = (
				285D296C1D17B75100448A98 /* msgdropsinglefailure.conf */,
				285D296D1D17B75100448A98 /* multifailure.conf */,
				285D296E1D17B75100448A98 /* singlefailure.conf */,
				285D294E1D17B4C700448A98 /* Application.cpp */,
				285D294F1D17B4C700448A98 /* Application.h */,
				285D29501D17B4C700448A98 /* EmulNet.cpp */,
				285D29511D17B4C700448A98 /* EmulNet.h */,
				285D29521D17B4C700448A98 /* Grader.sh */,
				285D29531D17B4C700448A98 /* Log.cpp */,
				285D29541D17B4C700448A98 /* Log.h */,
				285D29551D17B4C700448A98 /* Makefile */,
				285D29561D17B4C700448A98 /* Member.cpp */,
				285D29571D17B4C700448A98 /* Member.h */,
				285D29581D17B4C700448A98 /* mp1_specifications.pdf */,
				285D29591D17B4C700448A98 /* MP1Node.cpp */,
				285D295A1D17B4C700448A98 /* MP1Node.h */,
				285D295B1D17B4C700448A98 /* Params.cpp */,
				285D295C1D17B4C700448A98 /* Params.h */,
				285D295D1D17B4C700448A98 /* Queue.h */,
				285D295E1D17B4C700448A98 /* run.sh */,
				285D295F1D17B4C700448A98 /* stdincludes.h */,
				285D29601D17B4C700448A98 /* submit.py */,
			);
			path = test;
			sourceTree = "<group>";
		};
/* End PBXGroup section */

/* Begin PBXNativeTarget section */
		285D29431D17B43D00448A98 /* test */ = {
			isa = PBXNativeTarget;
			buildConfigurationList = 285D294B1D17B43D00448A98 /* Build configuration list for PBXNativeTarget "test" */;
			buildPhases = (
				285D29401D17B43D00448A98 /* Sources */,
				285D29411D17B43D00448A98 /* Frameworks */,
				285D29421D17B43D00448A98 /* CopyFiles */,
			);
			buildRules = (
			);
			dependencies = (
			);
			name = test;
			productName = test;
			productReference = 285D29441D17B43D00448A98 /* test */;
			productType = "com.apple.product-type.tool";
		};
/* End PBXNativeTarget section */

/* Begin PBXProject section */
		285D293C1D17B43D00448A98 /* Project object */ = {
			isa = PBXProject;
			attributes = {
				LastUpgradeCheck = 0730;
				ORGANIZATIONNAME = QiankunXie;
				TargetAttributes = {
					285D29431D17B43D00448A98 = {
						CreatedOnToolsVersion = 7.3;
					};
				};
			};
			buildConfigurationList = 285D293F1D17B43D00448A98 /* Build configuration list for PBXProject "test" */;
			compatibilityVersion = "Xcode 3.2";
			developmentRegion = English;
			hasScannedForEncodings = 0;
			knownRegions = (
				en,
			);
			mainGroup = 285D293B1D17B43D00448A98;
			productRefGroup = 285D29451D17B43D00448A98 /* Products */;
			projectDirPath = "";
			projectRoot = "";
			targets = (
				285D29431D17B43D00448A98 /* test */,
			);
		};
/* End PBXProject section */

/* Begin PBXSourcesBuildPhase section */
		285D29401D17B43D00448A98 /* Sources */ = {
			isa = PBXSourcesBuildPhase;
			buildActionMask = 2147483647;
			files = (
				285D29631D17B4C700448A98 /* Log.cpp in Sources */,
				285D29671D17B4C700448A98 /* Params.cpp in Sources */,
				285D29621D17B4C700448A98 /* EmulNet.cpp in Sources */,
				285D29661D17B4C700448A98 /* MP1Node.cpp in Sources */,
				285D29641D17B4C700448A98 /* Makefile in Sources */,
				285D29611D17B4C700448A98 /* Application.cpp in Sources */,
				285D29651D17B4C700448A98 /* Member.cpp in Sources */,
			);
			runOnlyForDeploymentPostprocessing = 0;
		};
/* End PBXSourcesBuildPhase section */

/* Begin XCBuildConfiguration section */
		285D29491D17B43D00448A98 /* Debug */ = {
			isa = XCBuildConfiguration;
			buildSettings = {
				ALWAYS_SEARCH_USER_PATHS = NO;
				CLANG_ANALYZER_NONNULL = YES;
				CLANG_CXX_LANGUAGE_STANDARD = "gnu++0x";
				CLANG_CXX_LIBRARY = "libc++";
				CLANG_ENABLE_MODULES = YES;
				CLANG_ENABLE_OBJC_ARC = YES;
				CLANG_WARN_BOOL_CONVERSION = YES;
				CLANG_WARN_CONSTANT_CONVERSION = YES;
				CLANG_WARN_DIRECT_OBJC_ISA_USAGE = YES_ERROR;
				CLANG_WARN_EMPTY_BODY = YES;
				CLANG_WARN_ENUM_CONVERSION = YES;
				CLANG_WARN_INT_CONVERSION = YES;
				CLANG_WARN_OBJC_ROOT_CLASS = YES_ERROR;
				CLANG_WARN_UNREACHABLE_CODE = YES;
				CLANG_WARN__DUPLICATE_METHOD_MATCH = YES;
				CODE_SIGN_IDENTITY = "-";
				COPY_PHASE_STRIP = NO;
				DEBUG_INFORMATION_FORMAT = dwarf;
				ENABLE_STRICT_OBJC_MSGSEND = YES;
				ENABLE_TESTABILITY = YES;
				GCC_C_LANGUAGE_STANDARD = gnu99;
				GCC_DYNAMIC_NO_PIC = NO;
				GCC_NO_COMMON_BLOCKS = YES;
				GCC_OPTIMIZATION_LEVEL = 0;
				GCC_PREPROCESSOR_DEFINITIONS = (
					"DEBUG=1",
					"$(inherited)",
				);
				GCC_WARN_64_TO_32_BIT_CONVERSION = YES;
				GCC_WARN_ABOUT_RETURN_TYPE = YES_ERROR;
				GCC_WARN_UNDECLARED_SELECTOR = YES;
				GCC_WARN_UNINITIALIZED_AUTOS = YES_AGGRESSIVE;
				GCC_WARN_UNUSED_FUNCTION = YES;
				GCC_WARN_UNUSED_VARIABLE = YES;
				MACOSX_DEPLOYMENT_TARGET = 10.11;
				MTL_ENABLE_DEBUG_INFO = YES;
				ONLY_ACTIVE_ARCH = YES;
				SDKROOT = macosx;
			};
			name = Debug;
		};
		285D294A1D17B43D00448A98 /* Release */ = {
			isa = XCBuildConfiguration;
			buildSettings = {
				ALWAYS_SEARCH_USER_PATHS = NO;
				CLANG_ANALYZER_NONNULL = YES;
				CLANG_CXX_LANGUAGE_STANDARD = "gnu++0x";
				CLANG_CXX_LIBRARY = "libc++";
				CLANG_ENABLE_MODULES = YES;
				CLANG_ENABLE_OBJC_ARC = YES;
				CLANG_WARN_BOOL_CONVERSION = YES;
				CLANG_WARN_CONSTANT_CONVERSION = YES;
				CLANG_WARN_DIRECT_OBJC_ISA_USAGE = YES_ERROR;
				CLANG_WARN_EMPTY_BODY = YES;
				CLANG_WARN_ENUM_CONVERSION = YES;
				CLANG_WARN_INT_CONVERSION = YES;
				CLANG_WARN_OBJC_ROOT_CLASS = YES_ERROR;
				CLANG_WARN_UNREACHABLE_CODE = YES;
				CLANG_WARN__DUPLICATE_METHOD_MATCH = YES;
				CODE_SIGN_IDENTITY = "-";
				COPY_PHASE_STRIP = NO;
				DEBUG_INFORMATION_FORMAT = "dwarf-with-dsym";
				ENABLE_NS_ASSERTIONS = NO;
				ENABLE_STRICT_OBJC_MSGSEND = YES;
				GCC_C_LANGUAGE_STANDARD = gnu99;
				GCC_NO_COMMON_BLOCKS = YES;
				GCC_WARN_64_TO_32_BIT_CONVERSION = YES;
				GCC_WARN_ABOUT_RETURN_TYPE = YES_ERROR;
				GCC_WARN_UNDECLARED_SELECTOR = YES;
				GCC_WARN_UNINITIALIZED_AUTOS = YES_AGGRESSIVE;
				GCC_WARN_UNUSED_FUNCTION = YES;
				GCC_WARN_UNUSED_VARIABLE = YES;
				MACOSX_DEPLOYMENT_TARGET = 10.11;
				MTL_ENABLE_DEBUG_INFO = NO;
				SDKROOT = macosx;
			};
			name = Release;
		};
		285D294C1D17B43D00448A98 /* Debug */ = {
			isa = XCBuildConfiguration;
			buildSettings = {
				PRODUCT_NAME = "$(TARGET_NAME)";
			};
			name = Debug;
		};
		285D294D1D17B43D00448A98 /* Release */ = {
			isa = XCBuildConfiguration;
			buildSettings = {
				PRODUCT_NAME = "$(TARGET_NAME)";
			};
			name = Release;
		};
/* End XCBuildConfiguration section */

/* Begin XCConfigurationList section */
		285D293F1D17B43D00448A98 /* Build configuration list for PBXProject "test" */ = {
			isa = XCConfigurationList;
			buildConfigurations = (
				285D29491D17B43D00448A98 /* Debug */,
				285D294A1D17B43D00448A98 /* Release */,
			);
			defaultConfigurationIsVisible = 0;
			defaultConfigurationName = Release;
		};
		285D294B1D17B43D00448A98 /* Build configuration list for PBXNativeTarget "test" */ = {
			isa = XCConfigurationList;
			buildConfigurations = (
				285D294C1D17B43D00448A98 /* Debug */,
				285D294D1D17B43D00448A98 /* Release */,
			);
			defaultConfigurationIsVisible = 0;
		};
/* End XCConfigurationList section */
	};
	rootObject = 285D293C1D17B43D00448A98 /* Project object */;
}
